// !$*UTF8*$!
{
	archiveVersion = 1;
	classes = {
	};
	objectVersion = 48;
	objects = {

/* Begin PBXBuildFile section */
		187F7E3C1FADDEC40028836A /* AppDelegate.m in Sources */ = {isa = PBXBuildFile; fileRef = 187F7E3B1FADDEC40028836A /* AppDelegate.m */; };
		187F7E421FADDEC40028836A /* Main.storyboard in Resources */ = {isa = PBXBuildFile; fileRef = 187F7E401FADDEC40028836A /* Main.storyboard */; };
		187F7E441FADDEC40028836A /* Assets.xcassets in Resources */ = {isa = PBXBuildFile; fileRef = 187F7E431FADDEC40028836A /* Assets.xcassets */; };
		187F7E471FADDEC40028836A /* LaunchScreen.storyboard in Resources */ = {isa = PBXBuildFile; fileRef = 187F7E451FADDEC40028836A /* LaunchScreen.storyboard */; };
		187F7E4A1FADDEC40028836A /* main.m in Sources */ = {isa = PBXBuildFile; fileRef = 187F7E491FADDEC40028836A /* main.m */; };
		187F7E551FADE7CF0028836A /* BaseViewController.m in Sources */ = {isa = PBXBuildFile; fileRef = 187F7E541FADE7CF0028836A /* BaseViewController.m */; };
		187F7E5B1FADE7EC0028836A /* HTTPManage.m in Sources */ = {isa = PBXBuildFile; fileRef = 187F7E581FADE7EC0028836A /* HTTPManage.m */; };
		187F7E5C1FADE7EC0028836A /* BaseResponse.m in Sources */ = {isa = PBXBuildFile; fileRef = 187F7E591FADE7EC0028836A /* BaseResponse.m */; };
		187F7E641FADE8A20028836A /* MainViewController.m in Sources */ = {isa = PBXBuildFile; fileRef = 187F7E631FADE8A20028836A /* MainViewController.m */; };
		187F7E681FADE8C10028836A /* SelectClothesViewController.m in Sources */ = {isa = PBXBuildFile; fileRef = 187F7E671FADE8C10028836A /* SelectClothesViewController.m */; };
		187F7E6B1FADE8D10028836A /* WishListViewController.m in Sources */ = {isa = PBXBuildFile; fileRef = 187F7E6A1FADE8D10028836A /* WishListViewController.m */; };
		187F7E6E1FADE8E20028836A /* CanBuyViewController.m in Sources */ = {isa = PBXBuildFile; fileRef = 187F7E6D1FADE8E20028836A /* CanBuyViewController.m */; };
		187F7E711FADE8EF0028836A /* MineViewController.m in Sources */ = {isa = PBXBuildFile; fileRef = 187F7E701FADE8EF0028836A /* MineViewController.m */; };
		187F7E741FADEF670028836A /* RecommondViewController.m in Sources */ = {isa = PBXBuildFile; fileRef = 187F7E731FADEF670028836A /* RecommondViewController.m */; };
		187F7E771FADEF750028836A /* LookViewController.m in Sources */ = {isa = PBXBuildFile; fileRef = 187F7E761FADEF750028836A /* LookViewController.m */; };
		187F7E7A1FADEF860028836A /* BrandViewController.m in Sources */ = {isa = PBXBuildFile; fileRef = 187F7E791FADEF860028836A /* BrandViewController.m */; };
		187F7E7D1FADEF940028836A /* ThemeViewController.m in Sources */ = {isa = PBXBuildFile; fileRef = 187F7E7C1FADEF940028836A /* ThemeViewController.m */; };
		F0371E5BAF136075E9A92200 /* libPods-Faner.a in Frameworks */ = {isa = PBXBuildFile; fileRef = 98C5B9E809C33E2771EEDE52 /* libPods-Faner.a */; };
/* End PBXBuildFile section */

/* Begin PBXFileReference section */
		187F7E371FADDEC40028836A /* Faner.app */ = {isa = PBXFileReference; explicitFileType = wrapper.application; includeInIndex = 0; path = Faner.app; sourceTree = BUILT_PRODUCTS_DIR; };
		187F7E3A1FADDEC40028836A /* AppDelegate.h */ = {isa = PBXFileReference; lastKnownFileType = sourcecode.c.h; path = AppDelegate.h; sourceTree = "<group>"; };
		187F7E3B1FADDEC40028836A /* AppDelegate.m */ = {isa = PBXFileReference; lastKnownFileType = sourcecode.c.objc; path = AppDelegate.m; sourceTree = "<group>"; };
		187F7E411FADDEC40028836A /* Base */ = {isa = PBXFileReference; lastKnownFileType = file.storyboard; name = Base; path = Base.lproj/Main.storyboard; sourceTree = "<group>"; };
		187F7E431FADDEC40028836A /* Assets.xcassets */ = {isa = PBXFileReference; lastKnownFileType = folder.assetcatalog; path = Assets.xcassets; sourceTree = "<group>"; };
		187F7E461FADDEC40028836A /* Base */ = {isa = PBXFileReference; lastKnownFileType = file.storyboard; name = Base; path = Base.lproj/LaunchScreen.storyboard; sourceTree = "<group>"; };
		187F7E481FADDEC40028836A /* Info.plist */ = {isa = PBXFileReference; lastKnownFileType = text.plist.xml; path = Info.plist; sourceTree = "<group>"; };
		187F7E491FADDEC40028836A /* main.m */ = {isa = PBXFileReference; lastKnownFileType = sourcecode.c.objc; path = main.m; sourceTree = "<group>"; };
		187F7E501FADDF720028836A /* Faner-prefix.pch */ = {isa = PBXFileReference; lastKnownFileType = sourcecode.c.h; path = "Faner-prefix.pch"; sourceTree = "<group>"; };
		187F7E521FADDFEA0028836A /* CommonDef.h */ = {isa = PBXFileReference; lastKnownFileType = sourcecode.c.h; path = CommonDef.h; sourceTree = "<group>"; };
		187F7E531FADE7CF0028836A /* BaseViewController.h */ = {isa = PBXFileReference; fileEncoding = 4; lastKnownFileType = sourcecode.c.h; path = BaseViewController.h; sourceTree = "<group>"; };
		187F7E541FADE7CF0028836A /* BaseViewController.m */ = {isa = PBXFileReference; fileEncoding = 4; lastKnownFileType = sourcecode.c.objc; path = BaseViewController.m; sourceTree = "<group>"; };
		187F7E571FADE7EB0028836A /* BaseResponse.h */ = {isa = PBXFileReference; fileEncoding = 4; lastKnownFileType = sourcecode.c.h; path = BaseResponse.h; sourceTree = "<group>"; };
		187F7E581FADE7EC0028836A /* HTTPManage.m */ = {isa = PBXFileReference; fileEncoding = 4; lastKnownFileType = sourcecode.c.objc; path = HTTPManage.m; sourceTree = "<group>"; };
		187F7E591FADE7EC0028836A /* BaseResponse.m */ = {isa = PBXFileReference; fileEncoding = 4; lastKnownFileType = sourcecode.c.objc; path = BaseResponse.m; sourceTree = "<group>"; };
		187F7E5A1FADE7EC0028836A /* HTTPManage.h */ = {isa = PBXFileReference; fileEncoding = 4; lastKnownFileType = sourcecode.c.h; path = HTTPManage.h; sourceTree = "<group>"; };
		187F7E621FADE8A20028836A /* MainViewController.h */ = {isa = PBXFileReference; lastKnownFileType = sourcecode.c.h; path = MainViewController.h; sourceTree = "<group>"; };
		187F7E631FADE8A20028836A /* MainViewController.m */ = {isa = PBXFileReference; lastKnownFileType = sourcecode.c.objc; path = MainViewController.m; sourceTree = "<group>"; };
		187F7E661FADE8C10028836A /* SelectClothesViewController.h */ = {isa = PBXFileReference; lastKnownFileType = sourcecode.c.h; path = SelectClothesViewController.h; sourceTree = "<group>"; };
		187F7E671FADE8C10028836A /* SelectClothesViewController.m */ = {isa = PBXFileReference; lastKnownFileType = sourcecode.c.objc; path = SelectClothesViewController.m; sourceTree = "<group>"; };
		187F7E691FADE8D10028836A /* WishListViewController.h */ = {isa = PBXFileReference; lastKnownFileType = sourcecode.c.h; path = WishListViewController.h; sourceTree = "<group>"; };
		187F7E6A1FADE8D10028836A /* WishListViewController.m */ = {isa = PBXFileReference; lastKnownFileType = sourcecode.c.objc; path = WishListViewController.m; sourceTree = "<group>"; };
		187F7E6C1FADE8E20028836A /* CanBuyViewController.h */ = {isa = PBXFileReference; lastKnownFileType = sourcecode.c.h; path = CanBuyViewController.h; sourceTree = "<group>"; };
		187F7E6D1FADE8E20028836A /* CanBuyViewController.m */ = {isa = PBXFileReference; lastKnownFileType = sourcecode.c.objc; path = CanBuyViewController.m; sourceTree = "<group>"; };
		187F7E6F1FADE8EF0028836A /* MineViewController.h */ = {isa = PBXFileReference; lastKnownFileType = sourcecode.c.h; path = MineViewController.h; sourceTree = "<group>"; };
		187F7E701FADE8EF0028836A /* MineViewController.m */ = {isa = PBXFileReference; lastKnownFileType = sourcecode.c.objc; path = MineViewController.m; sourceTree = "<group>"; };
		187F7E721FADEF670028836A /* RecommondViewController.h */ = {isa = PBXFileReference; lastKnownFileType = sourcecode.c.h; path = RecommondViewController.h; sourceTree = "<group>"; };
		187F7E731FADEF670028836A /* RecommondViewController.m */ = {isa = PBXFileReference; lastKnownFileType = sourcecode.c.objc; path = RecommondViewController.m; sourceTree = "<group>"; };
		187F7E751FADEF750028836A /* LookViewController.h */ = {isa = PBXFileReference; lastKnownFileType = sourcecode.c.h; path = LookViewController.h; sourceTree = "<group>"; };
		187F7E761FADEF750028836A /* LookViewController.m */ = {isa = PBXFileReference; lastKnownFileType = sourcecode.c.objc; path = LookViewController.m; sourceTree = "<group>"; };
		187F7E781FADEF860028836A /* BrandViewController.h */ = {isa = PBXFileReference; lastKnownFileType = sourcecode.c.h; path = BrandViewController.h; sourceTree = "<group>"; };
		187F7E791FADEF860028836A /* BrandViewController.m */ = {isa = PBXFileReference; lastKnownFileType = sourcecode.c.objc; path = BrandViewController.m; sourceTree = "<group>"; };
		187F7E7B1FADEF940028836A /* ThemeViewController.h */ = {isa = PBXFileReference; lastKnownFileType = sourcecode.c.h; path = ThemeViewController.h; sourceTree = "<group>"; };
		187F7E7C1FADEF940028836A /* ThemeViewController.m */ = {isa = PBXFileReference; lastKnownFileType = sourcecode.c.objc; path = ThemeViewController.m; sourceTree = "<group>"; };
		44769CB8ABDFD387F4409EE1 /* Pods-Faner.debug.xcconfig */ = {isa = PBXFileReference; includeInIndex = 1; lastKnownFileType = text.xcconfig; name = "Pods-Faner.debug.xcconfig"; path = "Pods/Target Support Files/Pods-Faner/Pods-Faner.debug.xcconfig"; sourceTree = "<group>"; };
		98C5B9E809C33E2771EEDE52 /* libPods-Faner.a */ = {isa = PBXFileReference; explicitFileType = archive.ar; includeInIndex = 0; path = "libPods-Faner.a"; sourceTree = BUILT_PRODUCTS_DIR; };
		CC9FB6F629E881C6EFE10638 /* Pods-Faner.release.xcconfig */ = {isa = PBXFileReference; includeInIndex = 1; lastKnownFileType = text.xcconfig; name = "Pods-Faner.release.xcconfig"; path = "Pods/Target Support Files/Pods-Faner/Pods-Faner.release.xcconfig"; sourceTree = "<group>"; };
/* End PBXFileReference section */

/* Begin PBXFrameworksBuildPhase section */
		187F7E341FADDEC40028836A /* Frameworks */ = {
			isa = PBXFrameworksBuildPhase;
			buildActionMask = 2147483647;
			files = (
				F0371E5BAF136075E9A92200 /* libPods-Faner.a in Frameworks */,
			);
			runOnlyForDeploymentPostprocessing = 0;
		};
/* End PBXFrameworksBuildPhase section */

/* Begin PBXGroup section */
		187F7E2E1FADDEC40028836A = {
			isa = PBXGroup;
			children = (
				187F7E391FADDEC40028836A /* Faner */,
				187F7E381FADDEC40028836A /* Products */,
				E1921C56E9D05E134F4F5064 /* Pods */,
				6BDBD531E7A4179CA8EC8867 /* Frameworks */,
			);
			sourceTree = "<group>";
		};
		187F7E381FADDEC40028836A /* Products */ = {
			isa = PBXGroup;
			children = (
				187F7E371FADDEC40028836A /* Faner.app */,
			);
			name = Products;
			sourceTree = "<group>";
		};
		187F7E391FADDEC40028836A /* Faner */ = {
			isa = PBXGroup;
			children = (
				187F7E611FADE87D0028836A /* Mine */,
				187F7E601FADE8720028836A /* CanBuy */,
				187F7E5F1FADE8610028836A /* WishList */,
				187F7E5E1FADE84E0028836A /* Select */,
				187F7E5D1FADE8470028836A /* Main */,
				187F7E561FADE7E30028836A /* Manage */,
				187F7E511FADDFD50028836A /* Common */,
				187F7E3A1FADDEC40028836A /* AppDelegate.h */,
				187F7E3B1FADDEC40028836A /* AppDelegate.m */,
				187F7E401FADDEC40028836A /* Main.storyboard */,
				187F7E431FADDEC40028836A /* Assets.xcassets */,
				187F7E451FADDEC40028836A /* LaunchScreen.storyboard */,
				187F7E481FADDEC40028836A /* Info.plist */,
				187F7E491FADDEC40028836A /* main.m */,
				187F7E501FADDF720028836A /* Faner-prefix.pch */,
			);
			path = Faner;
			sourceTree = "<group>";
		};
		187F7E511FADDFD50028836A /* Common */ = {
			isa = PBXGroup;
			children = (
				187F7E531FADE7CF0028836A /* BaseViewController.h */,
				187F7E541FADE7CF0028836A /* BaseViewController.m */,
				187F7E521FADDFEA0028836A /* CommonDef.h */,
			);
			path = Common;
			sourceTree = "<group>";
		};
		187F7E561FADE7E30028836A /* Manage */ = {
			isa = PBXGroup;
			children = (
				187F7E571FADE7EB0028836A /* BaseResponse.h */,
				187F7E591FADE7EC0028836A /* BaseResponse.m */,
				187F7E5A1FADE7EC0028836A /* HTTPManage.h */,
				187F7E581FADE7EC0028836A /* HTTPManage.m */,
			);
			path = Manage;
			sourceTree = "<group>";
		};
		187F7E5D1FADE8470028836A /* Main */ = {
			isa = PBXGroup;
			children = (
				187F7E621FADE8A20028836A /* MainViewController.h */,
				187F7E631FADE8A20028836A /* MainViewController.m */,
				187F7E721FADEF670028836A /* RecommondViewController.h */,
				187F7E731FADEF670028836A /* RecommondViewController.m */,
				187F7E751FADEF750028836A /* LookViewController.h */,
				187F7E761FADEF750028836A /* LookViewController.m */,
				187F7E781FADEF860028836A /* BrandViewController.h */,
				187F7E791FADEF860028836A /* BrandViewController.m */,
				187F7E7B1FADEF940028836A /* ThemeViewController.h */,
				187F7E7C1FADEF940028836A /* ThemeViewController.m */,
			);
			path = Main;
			sourceTree = "<group>";
		};
		187F7E5E1FADE84E0028836A /* Select */ = {
			isa = PBXGroup;
			children = (
				187F7E661FADE8C10028836A /* SelectClothesViewController.h */,
				187F7E671FADE8C10028836A /* SelectClothesViewController.m */,
			);
			path = Select;
			sourceTree = "<group>";
		};
		187F7E5F1FADE8610028836A /* WishList */ = {
			isa = PBXGroup;
			children = (
				187F7E691FADE8D10028836A /* WishListViewController.h */,
				187F7E6A1FADE8D10028836A /* WishListViewController.m */,
			);
			path = WishList;
			sourceTree = "<group>";
		};
		187F7E601FADE8720028836A /* CanBuy */ = {
			isa = PBXGroup;
			children = (
				187F7E6C1FADE8E20028836A /* CanBuyViewController.h */,
				187F7E6D1FADE8E20028836A /* CanBuyViewController.m */,
			);
			path = CanBuy;
			sourceTree = "<group>";
		};
		187F7E611FADE87D0028836A /* Mine */ = {
			isa = PBXGroup;
			children = (
				187F7E6F1FADE8EF0028836A /* MineViewController.h */,
				187F7E701FADE8EF0028836A /* MineViewController.m */,
			);
			path = Mine;
			sourceTree = "<group>";
		};
		6BDBD531E7A4179CA8EC8867 /* Frameworks */ = {
			isa = PBXGroup;
			children = (
				98C5B9E809C33E2771EEDE52 /* libPods-Faner.a */,
			);
			name = Frameworks;
			sourceTree = "<group>";
		};
		E1921C56E9D05E134F4F5064 /* Pods */ = {
			isa = PBXGroup;
			children = (
				44769CB8ABDFD387F4409EE1 /* Pods-Faner.debug.xcconfig */,
				CC9FB6F629E881C6EFE10638 /* Pods-Faner.release.xcconfig */,
			);
			name = Pods;
			sourceTree = "<group>";
		};
/* End PBXGroup section */

/* Begin PBXNativeTarget section */
		187F7E361FADDEC40028836A /* Faner */ = {
			isa = PBXNativeTarget;
			buildConfigurationList = 187F7E4D1FADDEC40028836A /* Build configuration list for PBXNativeTarget "Faner" */;
			buildPhases = (
				3BDCF1ABA2B974ECC02A3C84 /* [CP] Check Pods Manifest.lock */,
				187F7E331FADDEC40028836A /* Sources */,
				187F7E341FADDEC40028836A /* Frameworks */,
				187F7E351FADDEC40028836A /* Resources */,
				B9D389F16EF8DBAB33C65EF6 /* [CP] Embed Pods Frameworks */,
				223D551F69721FD87624B069 /* [CP] Copy Pods Resources */,
			);
			buildRules = (
			);
			dependencies = (
			);
			name = Faner;
			productName = Faner;
			productReference = 187F7E371FADDEC40028836A /* Faner.app */;
			productType = "com.apple.product-type.application";
		};
/* End PBXNativeTarget section */

/* Begin PBXProject section */
		187F7E2F1FADDEC40028836A /* Project object */ = {
			isa = PBXProject;
			attributes = {
				LastUpgradeCheck = 0910;
				ORGANIZATIONNAME = apple;
				TargetAttributes = {
					187F7E361FADDEC40028836A = {
						CreatedOnToolsVersion = 9.1;
						ProvisioningStyle = Automatic;
					};
				};
			};
			buildConfigurationList = 187F7E321FADDEC40028836A /* Build configuration list for PBXProject "Faner" */;
			compatibilityVersion = "Xcode 8.0";
			developmentRegion = en;
			hasScannedForEncodings = 0;
			knownRegions = (
				en,
				Base,
			);
			mainGroup = 187F7E2E1FADDEC40028836A;
			productRefGroup = 187F7E381FADDEC40028836A /* Products */;
			projectDirPath = "";
			projectRoot = "";
			targets = (
				187F7E361FADDEC40028836A /* Faner */,
			);
		};
/* End PBXProject section */

/* Begin PBXResourcesBuildPhase section */
		187F7E351FADDEC40028836A /* Resources */ = {
			isa = PBXResourcesBuildPhase;
			buildActionMask = 2147483647;
			files = (
				187F7E471FADDEC40028836A /* LaunchScreen.storyboard in Resources */,
				187F7E441FADDEC40028836A /* Assets.xcassets in Resources */,
				187F7E421FADDEC40028836A /* Main.storyboard in Resources */,
			);
			runOnlyForDeploymentPostprocessing = 0;
		};
/* End PBXResourcesBuildPhase section */

/* Begin PBXShellScriptBuildPhase section */
		223D551F69721FD87624B069 /* [CP] Copy Pods Resources */ = {
			isa = PBXShellScriptBuildPhase;
			buildActionMask = 2147483647;
			files = (
			);
			inputPaths = (
				"${SRCROOT}/Pods/Target Support Files/Pods-Faner/Pods-Faner-resources.sh",
				"${PODS_ROOT}/MJRefresh/MJRefresh/MJRefresh.bundle",
			);
			name = "[CP] Copy Pods Resources";
			outputPaths = (
				"${TARGET_BUILD_DIR}/${UNLOCALIZED_RESOURCES_FOLDER_PATH}",
			);
			runOnlyForDeploymentPostprocessing = 0;
			shellPath = /bin/sh;
			shellScript = "\"${SRCROOT}/Pods/Target Support Files/Pods-Faner/Pods-Faner-resources.sh\"\n";
			showEnvVarsInLog = 0;
		};
		3BDCF1ABA2B974ECC02A3C84 /* [CP] Check Pods Manifest.lock */ = {
			isa = PBXShellScriptBuildPhase;
			buildActionMask = 2147483647;
			files = (
			);
			inputPaths = (
				"${PODS_PODFILE_DIR_PATH}/Podfile.lock",
				"${PODS_ROOT}/Manifest.lock",
			);
			name = "[CP] Check Pods Manifest.lock";
			outputPaths = (
				"$(DERIVED_FILE_DIR)/Pods-Faner-checkManifestLockResult.txt",
			);
			runOnlyForDeploymentPostprocessing = 0;
			shellPath = /bin/sh;
			shellScript = "diff \"${PODS_PODFILE_DIR_PATH}/Podfile.lock\" \"${PODS_ROOT}/Manifest.lock\" > /dev/null\nif [ $? != 0 ] ; then\n    # print error to STDERR\n    echo \"error: The sandbox is not in sync with the Podfile.lock. Run 'pod install' or update your CocoaPods installation.\" >&2\n    exit 1\nfi\n# This output is used by Xcode 'outputs' to avoid re-running this script phase.\necho \"SUCCESS\" > \"${SCRIPT_OUTPUT_FILE_0}\"\n";
			showEnvVarsInLog = 0;
		};
		B9D389F16EF8DBAB33C65EF6 /* [CP] Embed Pods Frameworks */ = {
			isa = PBXShellScriptBuildPhase;
			buildActionMask = 2147483647;
			files = (
			);
			inputPaths = (
			);
			name = "[CP] Embed Pods Frameworks";
			outputPaths = (
			);
			runOnlyForDeploymentPostprocessing = 0;
			shellPath = /bin/sh;
			shellScript = "\"${SRCROOT}/Pods/Target Support Files/Pods-Faner/Pods-Faner-frameworks.sh\"\n";
			showEnvVarsInLog = 0;
		};
/* End PBXShellScriptBuildPhase section */

/* Begin PBXSourcesBuildPhase section */
		187F7E331FADDEC40028836A /* Sources */ = {
			isa = PBXSourcesBuildPhase;
			buildActionMask = 2147483647;
			files = (
				187F7E7D1FADEF940028836A /* ThemeViewController.m in Sources */,
				187F7E5C1FADE7EC0028836A /* BaseResponse.m in Sources */,
				187F7E7A1FADEF860028836A /* BrandViewController.m in Sources */,
				187F7E6B1FADE8D10028836A /* WishListViewController.m in Sources */,
				187F7E6E1FADE8E20028836A /* CanBuyViewController.m in Sources */,
				187F7E771FADEF750028836A /* LookViewController.m in Sources */,
				187F7E641FADE8A20028836A /* MainViewController.m in Sources */,
				187F7E551FADE7CF0028836A /* BaseViewController.m in Sources */,
				187F7E4A1FADDEC40028836A /* main.m in Sources */,
				187F7E681FADE8C10028836A /* SelectClothesViewController.m in Sources */,
				187F7E711FADE8EF0028836A /* MineViewController.m in Sources */,
				187F7E741FADEF670028836A /* RecommondViewController.m in Sources */,
				187F7E3C1FADDEC40028836A /* AppDelegate.m in Sources */,
				187F7E5B1FADE7EC0028836A /* HTTPManage.m in Sources */,
			);
			runOnlyForDeploymentPostprocessing = 0;
		};
/* End PBXSourcesBuildPhase section */

/* Begin PBXVariantGroup section */
		187F7E401FADDEC40028836A /* Main.storyboard */ = {
			isa = PBXVariantGroup;
			children = (
				187F7E411FADDEC40028836A /* Base */,
			);
			name = Main.storyboard;
			sourceTree = "<group>";
		};
		187F7E451FADDEC40028836A /* LaunchScreen.storyboard */ = {
			isa = PBXVariantGroup;
			children = (
				187F7E461FADDEC40028836A /* Base */,
			);
			name = LaunchScreen.storyboard;
			sourceTree = "<group>";
		};
/* End PBXVariantGroup section */

/* Begin XCBuildConfiguration section */
		187F7E4B1FADDEC40028836A /* Debug */ = {
			isa = XCBuildConfiguration;
			buildSettings = {
				ALWAYS_SEARCH_USER_PATHS = NO;
				CLANG_ANALYZER_NONNULL = YES;
				CLANG_ANALYZER_NUMBER_OBJECT_CONVERSION = YES_AGGRESSIVE;
				CLANG_CXX_LANGUAGE_STANDARD = "gnu++14";
				CLANG_CXX_LIBRARY = "libc++";
				CLANG_ENABLE_MODULES = YES;
				CLANG_ENABLE_OBJC_ARC = YES;
				CLANG_WARN_BLOCK_CAPTURE_AUTORELEASING = YES;
				CLANG_WARN_BOOL_CONVERSION = YES;
				CLANG_WARN_COMMA = YES;
				CLANG_WARN_CONSTANT_CONVERSION = YES;
				CLANG_WARN_DIRECT_OBJC_ISA_USAGE = YES_ERROR;
				CLANG_WARN_DOCUMENTATION_COMMENTS = YES;
				CLANG_WARN_EMPTY_BODY = YES;
				CLANG_WARN_ENUM_CONVERSION = YES;
				CLANG_WARN_INFINITE_RECURSION = YES;
				CLANG_WARN_INT_CONVERSION = YES;
				CLANG_WARN_NON_LITERAL_NULL_CONVERSION = YES;
				CLANG_WARN_OBJC_LITERAL_CONVERSION = YES;
				CLANG_WARN_OBJC_ROOT_CLASS = YES_ERROR;
				CLANG_WARN_RANGE_LOOP_ANALYSIS = YES;
				CLANG_WARN_STRICT_PROTOTYPES = YES;
				CLANG_WARN_SUSPICIOUS_MOVE = YES;
				CLANG_WARN_UNGUARDED_AVAILABILITY = YES_AGGRESSIVE;
				CLANG_WARN_UNREACHABLE_CODE = YES;
				CLANG_WARN__DUPLICATE_METHOD_MATCH = YES;
				CODE_SIGN_IDENTITY = "iPhone Developer";
				COPY_PHASE_STRIP = NO;
				DEBUG_INFORMATION_FORMAT = dwarf;
				ENABLE_STRICT_OBJC_MSGSEND = YES;
				ENABLE_TESTABILITY = YES;
				GCC_C_LANGUAGE_STANDARD = gnu11;
				GCC_DYNAMIC_NO_PIC = NO;
				GCC_NO_COMMON_BLOCKS = YES;
				GCC_OPTIMIZATION_LEVEL = 0;
				GCC_PREPROCESSOR_DEFINITIONS = (
					"DEBUG=1",
					"$(inherited)",
				);
				GCC_WARN_64_TO_32_BIT_CONVERSION = YES;
				GCC_WARN_ABOUT_RETURN_TYPE = YES_ERROR;
				GCC_WARN_UNDECLARED_SELECTOR = YES;
				GCC_WARN_UNINITIALIZED_AUTOS = YES_AGGRESSIVE;
				GCC_WARN_UNUSED_FUNCTION = YES;
				GCC_WARN_UNUSED_VARIABLE = YES;
				IPHONEOS_DEPLOYMENT_TARGET = 11.1;
				MTL_ENABLE_DEBUG_INFO = YES;
				ONLY_ACTIVE_ARCH = YES;
				SDKROOT = iphoneos;
			};
			name = Debug;
		};
		187F7E4C1FADDEC40028836A /* Release */ = {
			isa = XCBuildConfiguration;
			buildSettings = {
				ALWAYS_SEARCH_USER_PATHS = NO;
				CLANG_ANALYZER_NONNULL = YES;
				CLANG_ANALYZER_NUMBER_OBJECT_CONVERSION = YES_AGGRESSIVE;
				CLANG_CXX_LANGUAGE_STANDARD = "gnu++14";
				CLANG_CXX_LIBRARY = "libc++";
				CLANG_ENABLE_MODULES = YES;
				CLANG_ENABLE_OBJC_ARC = YES;
				CLANG_WARN_BLOCK_CAPTURE_AUTORELEASING = YES;
				CLANG_WARN_BOOL_CONVERSION = YES;
				CLANG_WARN_COMMA = YES;
				CLANG_WARN_CONSTANT_CONVERSION = YES;
				CLANG_WARN_DIRECT_OBJC_ISA_USAGE = YES_ERROR;
				CLANG_WARN_DOCUMENTATION_COMMENTS = YES;
				CLANG_WARN_EMPTY_BODY = YES;
				CLANG_WARN_ENUM_CONVERSION = YES;
				CLANG_WARN_INFINITE_RECURSION = YES;
				CLANG_WARN_INT_CONVERSION = YES;
				CLANG_WARN_NON_LITERAL_NULL_CONVERSION = YES;
				CLANG_WARN_OBJC_LITERAL_CONVERSION = YES;
				CLANG_WARN_OBJC_ROOT_CLASS = YES_ERROR;
				CLANG_WARN_RANGE_LOOP_ANALYSIS = YES;
				CLANG_WARN_STRICT_PROTOTYPES = YES;
				CLANG_WARN_SUSPICIOUS_MOVE = YES;
				CLANG_WARN_UNGUARDED_AVAILABILITY = YES_AGGRESSIVE;
				CLANG_WARN_UNREACHABLE_CODE = YES;
				CLANG_WARN__DUPLICATE_METHOD_MATCH = YES;
				CODE_SIGN_IDENTITY = "iPhone Developer";
				COPY_PHASE_STRIP = NO;
				DEBUG_INFORMATION_FORMAT = "dwarf-with-dsym";
				ENABLE_NS_ASSERTIONS = NO;
				ENABLE_STRICT_OBJC_MSGSEND = YES;
				GCC_C_LANGUAGE_STANDARD = gnu11;
				GCC_NO_COMMON_BLOCKS = YES;
				GCC_WARN_64_TO_32_BIT_CONVERSION = YES;
				GCC_WARN_ABOUT_RETURN_TYPE = YES_ERROR;
				GCC_WARN_UNDECLARED_SELECTOR = YES;
				GCC_WARN_UNINITIALIZED_AUTOS = YES_AGGRESSIVE;
				GCC_WARN_UNUSED_FUNCTION = YES;
				GCC_WARN_UNUSED_VARIABLE = YES;
				IPHONEOS_DEPLOYMENT_TARGET = 11.1;
				MTL_ENABLE_DEBUG_INFO = NO;
				SDKROOT = iphoneos;
				VALIDATE_PRODUCT = YES;
			};
			name = Release;
		};
		187F7E4E1FADDEC40028836A /* Debug */ = {
			isa = XCBuildConfiguration;
			baseConfigurationReference = 44769CB8ABDFD387F4409EE1 /* Pods-Faner.debug.xcconfig */;
			buildSettings = {
				ASSETCATALOG_COMPILER_APPICON_NAME = AppIcon;
				CODE_SIGN_STYLE = Automatic;
				GCC_PRECOMPILE_PREFIX_HEADER = YES;
				GCC_PREFIX_HEADER = "Faner/Faner-prefix.pch";
				INFOPLIST_FILE = Faner/Info.plist;
				LD_RUNPATH_SEARCH_PATHS = "$(inherited) @executable_path/Frameworks";
				PRODUCT_BUNDLE_IDENTIFIER = qicy.com.Faner;
				PRODUCT_NAME = "$(TARGET_NAME)";
				TARGETED_DEVICE_FAMILY = "1,2";
			};
			name = Debug;
		};
		187F7E4F1FADDEC40028836A /* Release */ = {
			isa = XCBuildConfiguration;
			baseConfigurationReference = CC9FB6F629E881C6EFE10638 /* Pods-Faner.release.xcconfig */;
			buildSettings = {
				ASSETCATALOG_COMPILER_APPICON_NAME = AppIcon;
				CODE_SIGN_STYLE = Automatic;
				GCC_PRECOMPILE_PREFIX_HEADER = YES;
				GCC_PREFIX_HEADER = "Faner/Faner-prefix.pch";
				INFOPLIST_FILE = Faner/Info.plist;
				LD_RUNPATH_SEARCH_PATHS = "$(inherited) @executable_path/Frameworks";
				PRODUCT_BUNDLE_IDENTIFIER = qicy.com.Faner;
				PRODUCT_NAME = "$(TARGET_NAME)";
				TARGETED_DEVICE_FAMILY = "1,2";
			};
			name = Release;
		};
/* End XCBuildConfiguration section */

/* Begin XCConfigurationList section */
		187F7E321FADDEC40028836A /* Build configuration list for PBXProject "Faner" */ = {
			isa = XCConfigurationList;
			buildConfigurations = (
				187F7E4B1FADDEC40028836A /* Debug */,
				187F7E4C1FADDEC40028836A /* Release */,
			);
			defaultConfigurationIsVisible = 0;
			defaultConfigurationName = Release;
		};
		187F7E4D1FADDEC40028836A /* Build configuration list for PBXNativeTarget "Faner" */ = {
			isa = XCConfigurationList;
			buildConfigurations = (
				187F7E4E1FADDEC40028836A /* Debug */,
				187F7E4F1FADDEC40028836A /* Release */,
			);
			defaultConfigurationIsVisible = 0;
			defaultConfigurationName = Release;
		};
/* End XCConfigurationList section */
	};
	rootObject = 187F7E2F1FADDEC40028836A /* Project object */;
}
